{
  "requires": true,
  "lockfileVersion": 1,
  "dependencies": {
    "extend-merge": {
      "version": "1.0.5",
      "resolved": "https://registry.npmjs.org/extend-merge/-/extend-merge-1.0.5.tgz",
      "integrity": "sha1-AAYYMN2dFcUhrV91fiSrF8v41NY="
    },
    "sql-dialect": {
      "version": "4.0.10",
      "resolved": "https://registry.npmjs.org/sql-dialect/-/sql-dialect-4.0.10.tgz",
      "integrity": "sha512-6BPPm9jbk4kje3paJJsEtyWyLgPpNufX7IhsowvxO3QcWzpzH8vldJhkm+jurfeuo4OT5vfo93WErzR753DTzg==",
      "requires": {
        "extend-merge": "1.0.5",
        "string-placeholder": "1.0.1"
      }
    },
    "string-placeholder": {
      "version": "1.0.1",
      "resolved": "https://registry.npmjs.org/string-placeholder/-/string-placeholder-1.0.1.tgz",
      "integrity": "sha1-V1oUqOtyGaBlvtp1Uzu5iIaAlrU="
    }
  }
}
